
Microsoft Visual Studio Solution File, Format Version 12.00
# Visual Studio 14
VisualStudioVersion = 14.0.23107.0
MinimumVisualStudioVersion = 10.0.40219.1
Project("{FAE04EC0-301F-11D3-BF4B-00C04F79EFBC}") = "CreateWorld", "CreateWorld\CreateWorld.csproj", "{E58AB1BA-E13E-470D-8523-3616CC3A9A81}"
EndProject
Project("{FAE04EC0-301F-11D3-BF4B-00C04F79EFBC}") = "VRLibrary", "..\VirtualReality\VRLibrary\VRLibrary.csproj", "{4F051024-BBF9-40D5-BD4A-79004BD28403}"
EndProject
Project("{FAE04EC0-301F-11D3-BF4B-00C04F79EFBC}") = "Viewer", "Viewer\Viewer\Viewer.csproj", "{8C2204D3-D843-4A17-A3AF-69FE84EDAEA1}"
EndProject
Project("{96E2B04D-8817-42C6-938A-82C39BA4D311}") = "ViewerContent", "Viewer\ViewerContent\ViewerContent.contentproj", "{2476BB92-B838-46B3-ADAA-74AD5A18D201}"
EndProject
Global
	GlobalSection(SolutionConfigurationPlatforms) = preSolution
		Debug|Any CPU = Debug|Any CPU
		Debug|x86 = Debug|x86
		Release|Any CPU = Release|Any CPU
		Release|x86 = Release|x86
	EndGlobalSection
	GlobalSection(ProjectConfigurationPlatforms) = postSolution
		{E58AB1BA-E13E-470D-8523-3616CC3A9A81}.Debug|Any CPU.ActiveCfg = Debug|Any CPU
		{E58AB1BA-E13E-470D-8523-3616CC3A9A81}.Debug|Any CPU.Build.0 = Debug|Any CPU
		{E58AB1BA-E13E-470D-8523-3616CC3A9A81}.Debug|x86.ActiveCfg = Debug|Any CPU
		{E58AB1BA-E13E-470D-8523-3616CC3A9A81}.Debug|x86.Build.0 = Debug|Any CPU
		{E58AB1BA-E13E-470D-8523-3616CC3A9A81}.Release|Any CPU.ActiveCfg = Release|Any CPU
		{E58AB1BA-E13E-470D-8523-3616CC3A9A81}.Release|Any CPU.Build.0 = Release|Any CPU
		{E58AB1BA-E13E-470D-8523-3616CC3A9A81}.Release|x86.ActiveCfg = Release|Any CPU
		{E58AB1BA-E13E-470D-8523-3616CC3A9A81}.Release|x86.Build.0 = Release|Any CPU
		{4F051024-BBF9-40D5-BD4A-79004BD28403}.Debug|Any CPU.ActiveCfg = Debug|Any CPU
		{4F051024-BBF9-40D5-BD4A-79004BD28403}.Debug|Any CPU.Build.0 = Debug|Any CPU
		{4F051024-BBF9-40D5-BD4A-79004BD28403}.Debug|x86.ActiveCfg = Debug|Any CPU
		{4F051024-BBF9-40D5-BD4A-79004BD28403}.Debug|x86.Build.0 = Debug|Any CPU
		{4F051024-BBF9-40D5-BD4A-79004BD28403}.Release|Any CPU.ActiveCfg = Release|Any CPU
		{4F051024-BBF9-40D5-BD4A-79004BD28403}.Release|Any CPU.Build.0 = Release|Any CPU
		{4F051024-BBF9-40D5-BD4A-79004BD28403}.Release|x86.ActiveCfg = Release|Any CPU
		{4F051024-BBF9-40D5-BD4A-79004BD28403}.Release|x86.Build.0 = Release|Any CPU
		{8C2204D3-D843-4A17-A3AF-69FE84EDAEA1}.Debug|Any CPU.ActiveCfg = Debug|x86
		{8C2204D3-D843-4A17-A3AF-69FE84EDAEA1}.Debug|x86.ActiveCfg = Debug|x86
		{8C2204D3-D843-4A17-A3AF-69FE84EDAEA1}.Debug|x86.Build.0 = Debug|x86
		{8C2204D3-D843-4A17-A3AF-69FE84EDAEA1}.Release|Any CPU.ActiveCfg = Release|x86
		{8C2204D3-D843-4A17-A3AF-69FE84EDAEA1}.Release|x86.ActiveCfg = Release|x86
		{8C2204D3-D843-4A17-A3AF-69FE84EDAEA1}.Release|x86.Build.0 = Release|x86
		{2476BB92-B838-46B3-ADAA-74AD5A18D201}.Debug|Any CPU.ActiveCfg = Debug|x86
		{2476BB92-B838-46B3-ADAA-74AD5A18D201}.Debug|x86.ActiveCfg = Debug|x86
		{2476BB92-B838-46B3-ADAA-74AD5A18D201}.Release|Any CPU.ActiveCfg = Release|x86
		{2476BB92-B838-46B3-ADAA-74AD5A18D201}.Release|x86.ActiveCfg = Release|x86
	EndGlobalSection
	GlobalSection(SolutionProperties) = preSolution
		HideSolutionNode = FALSE
	EndGlobalSection
EndGlobal
